{
	"name": "@gasket/plugin-manifest",
	"version": "6.10.0",
	"lockfileVersion": 1,
	"requires": true,
	"dependencies": {
		"mkdirp": {
			"version": "1.0.4",
			"resolved": "https://artifactory.secureserver.net/artifactory/api/npm/node-virt/mkdirp/-/mkdirp-1.0.4.tgz",
			"integrity": "sha1-PrXtYmInVteaXw4qIh3+utdcL34="
		}
	}
}
