{
  "name": "gasket-plugin-happyfeet",
  "version": "1.0.0",
  "lockfileVersion": 2,
  "requires": true,
  "packages": {
    "": {
      "name": "gasket-plugin-happyfeet",
      "version": "1.0.0",
      "license": "ISC",
      "dependencies": {
        "happy-feet": "^2.1.0"
      }
    },
    "node_modules/happy-feet": {
      "version": "2.1.0",
      "resolved": "https://artifactory.secureserver.net/artifactory/api/npm/node-virt/happy-feet/-/happy-feet-2.1.0.tgz",
      "integrity": "sha512-JzQC9v+PQ7BBTha+8HQHE5IdYotNeJWMebq0GVdJ4Pvc1DIhAAFMPkAUGbDMIXo4dcJOI8ExC10Z68hG8w6DeA=="
    }
  },
  "dependencies": {
    "happy-feet": {
      "version": "2.1.0",
      "resolved": "https://artifactory.secureserver.net/artifactory/api/npm/node-virt/happy-feet/-/happy-feet-2.1.0.tgz",
      "integrity": "sha512-JzQC9v+PQ7BBTha+8HQHE5IdYotNeJWMebq0GVdJ4Pvc1DIhAAFMPkAUGbDMIXo4dcJOI8ExC10Z68hG8w6DeA=="
    }
  }
}
