{
	"name": "@gasket/helper-intl",
	"version": "6.8.0",
	"lockfileVersion": 2,
	"requires": true,
	"packages": {
		"": {
			"name": "@gasket/helper-intl",
			"version": "6.7.2",
			"license": "MIT",
			"devDependencies": {
				"assume-sinon": "1.1.0"
			}
		},
		"node_modules/assume": {
			"version": "2.3.0",
			"resolved": "https://artifactory.secureserver.net/artifactory/api/npm/node-virt/assume/-/assume-2.3.0.tgz",
			"integrity": "sha1-P9KW28kqOHLD1En+pWHTnF5G1I8=",
			"dev": true,
			"license": "MIT",
			"peer": true,
			"dependencies": {
				"deep-eql": "^3.0.1",
				"fn.name": "^1.0.1",
				"is-buffer": "^2.0.0",
				"object-inspect": "^1.5.0",
				"propget": "^1.1.0",
				"pruddy-error": "^2.0.2"
			}
		},
		"node_modules/assume-sinon": {
			"version": "1.1.0",
			"resolved": "https://artifactory.secureserver.net/artifactory/api/npm/node-virt/assume-sinon/-/assume-sinon-1.1.0.tgz",
			"integrity": "sha1-OPZTigI9hdpkBWaOp0XDrjA48O4=",
			"dev": true,
			"license": "MIT",
			"engines": {
				"node": ">=8"
			},
			"peerDependencies": {
				"assume": "^2.3.0"
			}
		},
		"node_modules/assume/node_modules/deep-eql": {
			"version": "3.0.1",
			"resolved": "https://artifactory.secureserver.net/artifactory/api/npm/node-virt/deep-eql/-/deep-eql-3.0.1.tgz",
			"integrity": "sha1-38lARACtHI/gI+faHfHBR8S0RN8=",
			"dev": true,
			"license": "MIT",
			"peer": true,
			"dependencies": {
				"type-detect": "^4.0.0"
			},
			"engines": {
				"node": ">=0.12"
			}
		},
		"node_modules/assume/node_modules/fn.name": {
			"version": "1.1.0",
			"resolved": "https://artifactory.secureserver.net/artifactory/api/npm/node-virt/fn.name/-/fn.name-1.1.0.tgz",
			"integrity": "sha1-JsrYAXlnrqhzG8QpYdBKPVmIrMw=",
			"dev": true,
			"license": "MIT",
			"peer": true
		},
		"node_modules/assume/node_modules/is-buffer": {
			"version": "2.0.5",
			"resolved": "https://artifactory.secureserver.net/artifactory/api/npm/node-virt/is-buffer/-/is-buffer-2.0.5.tgz",
			"integrity": "sha1-68JS5ADSL/jXf6CYiIIaJKZYwZE=",
			"dev": true,
			"funding": [
				{
					"type": "github",
					"url": "https://github.com/sponsors/feross"
				},
				{
					"type": "patreon",
					"url": "https://www.patreon.com/feross"
				},
				{
					"type": "consulting",
					"url": "https://feross.org/support"
				}
			],
			"license": "MIT",
			"peer": true,
			"engines": {
				"node": ">=4"
			}
		},
		"node_modules/assume/node_modules/is-node": {
			"version": "1.0.2",
			"resolved": "https://artifactory.secureserver.net/artifactory/api/npm/node-virt/is-node/-/is-node-1.0.2.tgz",
			"integrity": "sha1-19ACdF733ru3R36YiVarCk/MtlM=",
			"dev": true,
			"license": "MIT",
			"peer": true,
			"engines": {
				"node": ">= 0.10"
			}
		},
		"node_modules/assume/node_modules/left-pad": {
			"version": "1.3.0",
			"resolved": "https://artifactory.secureserver.net/artifactory/api/npm/node-virt/left-pad/-/left-pad-1.3.0.tgz",
			"integrity": "sha1-W4o6d2Xf4AEmHd6RVYnngvjJTR4=",
			"deprecated": "use String.prototype.padStart()",
			"dev": true,
			"license": "WTFPL",
			"peer": true
		},
		"node_modules/assume/node_modules/object-inspect": {
			"version": "1.11.0",
			"resolved": "https://artifactory.secureserver.net/artifactory/api/npm/node-virt/object-inspect/-/object-inspect-1.11.0.tgz",
			"integrity": "sha1-nc6xRs7dQUig2eUauI00z1CZIrE=",
			"dev": true,
			"license": "MIT",
			"peer": true,
			"funding": {
				"url": "https://github.com/sponsors/ljharb"
			}
		},
		"node_modules/assume/node_modules/propget": {
			"version": "1.1.0",
			"resolved": "https://artifactory.secureserver.net/artifactory/api/npm/node-virt/propget/-/propget-1.1.0.tgz",
			"integrity": "sha1-bBx6yaCcBb21yWfwzY4cCUCf72s=",
			"dev": true,
			"license": "MIT",
			"peer": true
		},
		"node_modules/assume/node_modules/pruddy-error": {
			"version": "2.0.2",
			"resolved": "https://artifactory.secureserver.net/artifactory/api/npm/node-virt/pruddy-error/-/pruddy-error-2.0.2.tgz",
			"integrity": "sha1-BQfXqMzA/35Jf6eAIByXJ7MCGBw=",
			"dev": true,
			"license": "BSD",
			"peer": true,
			"dependencies": {
				"is-node": "^1.0.2",
				"left-pad": "^1.2.0"
			}
		},
		"node_modules/assume/node_modules/type-detect": {
			"version": "4.0.8",
			"resolved": "https://artifactory.secureserver.net/artifactory/api/npm/node-virt/type-detect/-/type-detect-4.0.8.tgz",
			"integrity": "sha1-dkb7XxiHHPu3dJ5pvTmmOI63RQw=",
			"dev": true,
			"license": "MIT",
			"peer": true,
			"engines": {
				"node": ">=4"
			}
		}
	},
	"dependencies": {
		"assume": {
			"version": "2.3.0",
			"resolved": "https://artifactory.secureserver.net/artifactory/api/npm/node-virt/assume/-/assume-2.3.0.tgz",
			"integrity": "sha1-P9KW28kqOHLD1En+pWHTnF5G1I8=",
			"dev": true,
			"peer": true,
			"requires": {
				"deep-eql": "^3.0.1",
				"fn.name": "^1.0.1",
				"is-buffer": "^2.0.0",
				"object-inspect": "^1.5.0",
				"propget": "^1.1.0",
				"pruddy-error": "^2.0.2"
			},
			"dependencies": {
				"deep-eql": {
					"version": "3.0.1",
					"resolved": "https://artifactory.secureserver.net/artifactory/api/npm/node-virt/deep-eql/-/deep-eql-3.0.1.tgz",
					"integrity": "sha1-38lARACtHI/gI+faHfHBR8S0RN8=",
					"dev": true,
					"peer": true,
					"requires": {
						"type-detect": "^4.0.0"
					}
				},
				"fn.name": {
					"version": "1.1.0",
					"resolved": "https://artifactory.secureserver.net/artifactory/api/npm/node-virt/fn.name/-/fn.name-1.1.0.tgz",
					"integrity": "sha1-JsrYAXlnrqhzG8QpYdBKPVmIrMw=",
					"dev": true,
					"peer": true
				},
				"is-buffer": {
					"version": "2.0.5",
					"resolved": "https://artifactory.secureserver.net/artifactory/api/npm/node-virt/is-buffer/-/is-buffer-2.0.5.tgz",
					"integrity": "sha1-68JS5ADSL/jXf6CYiIIaJKZYwZE=",
					"dev": true,
					"peer": true
				},
				"is-node": {
					"version": "1.0.2",
					"resolved": "https://artifactory.secureserver.net/artifactory/api/npm/node-virt/is-node/-/is-node-1.0.2.tgz",
					"integrity": "sha1-19ACdF733ru3R36YiVarCk/MtlM=",
					"dev": true,
					"peer": true
				},
				"left-pad": {
					"version": "1.3.0",
					"resolved": "https://artifactory.secureserver.net/artifactory/api/npm/node-virt/left-pad/-/left-pad-1.3.0.tgz",
					"integrity": "sha1-W4o6d2Xf4AEmHd6RVYnngvjJTR4=",
					"dev": true,
					"peer": true
				},
				"object-inspect": {
					"version": "1.11.0",
					"resolved": "https://artifactory.secureserver.net/artifactory/api/npm/node-virt/object-inspect/-/object-inspect-1.11.0.tgz",
					"integrity": "sha1-nc6xRs7dQUig2eUauI00z1CZIrE=",
					"dev": true,
					"peer": true
				},
				"propget": {
					"version": "1.1.0",
					"resolved": "https://artifactory.secureserver.net/artifactory/api/npm/node-virt/propget/-/propget-1.1.0.tgz",
					"integrity": "sha1-bBx6yaCcBb21yWfwzY4cCUCf72s=",
					"dev": true,
					"peer": true
				},
				"pruddy-error": {
					"version": "2.0.2",
					"resolved": "https://artifactory.secureserver.net/artifactory/api/npm/node-virt/pruddy-error/-/pruddy-error-2.0.2.tgz",
					"integrity": "sha1-BQfXqMzA/35Jf6eAIByXJ7MCGBw=",
					"dev": true,
					"peer": true,
					"requires": {
						"is-node": "^1.0.2",
						"left-pad": "^1.2.0"
					}
				},
				"type-detect": {
					"version": "4.0.8",
					"resolved": "https://artifactory.secureserver.net/artifactory/api/npm/node-virt/type-detect/-/type-detect-4.0.8.tgz",
					"integrity": "sha1-dkb7XxiHHPu3dJ5pvTmmOI63RQw=",
					"dev": true,
					"peer": true
				}
			}
		},
		"assume-sinon": {
			"version": "1.1.0",
			"resolved": "https://artifactory.secureserver.net/artifactory/api/npm/node-virt/assume-sinon/-/assume-sinon-1.1.0.tgz",
			"integrity": "sha1-OPZTigI9hdpkBWaOp0XDrjA48O4=",
			"dev": true,
			"requires": {}
		}
	}
}
